{
  "nodes": {
    "bun2nix": {
      "inputs": {
        "flake-parts": [
          "llm-agents",
          "flake-parts"
        ],
        "nixpkgs": [
          "llm-agents",
          "nixpkgs"
        ],
        "systems": [
          "llm-agents",
          "systems"
        ],
        "treefmt-nix": [
          "llm-agents",
          "treefmt-nix"
        ]
      },
      "locked": {
        "lastModified": 1788011267,
        "narHash": "sha256-mEq2kU+ljompTToZ44Afvm7d/rHJ5iMBl0tjZuyShJs=",
        "owner": "Mic92",
        "repo": "bun2nix",
        "rev": "5765b0614591f75ee8ba5596e81ae85c167d1071",
        "type": "github"
      },
      "original": {
        "owner": "Mic92",
        "ref": "fix-structured-attrs-hook",
        "repo": "bun2nix",
        "type": "github"
      }
    },
    "devToolkit": {
      "inputs": {
        "haumea": "haumea_2",
        "nixpkgs": [
          "zhongwen",
          "nixpkgs"
        ],
        "utils": "utils"
      },
      "locked": {
        "lastModified": 1725959762,
        "narHash": "sha256-eJkYzdoIDE7wOb2IznkYwMXt3MZhvNDqc6nkqZ+19cc=",
        "owner": "primamateria",
        "repo": "dev-toolkit-nix",
        "rev": "2ea1ea42b6dd0107ea1bb2c1fb7752db0137e6a2",
        "type": "github"
      },
      "original": {
        "owner": "primamateria",
        "repo": "dev-toolkit-nix",
        "type": "github"
      }
    },
    "dmenu-primamateria": {
      "inputs": {
        "nixpkgs": [
          "nixpkgs"
        ]
      },
      "locked": {
        "lastModified": 1643238321,
        "narHash": "sha256-MMRn23SrkEXUmgNXSMIloSfvx5EOZUUyRdN4b0PvoQs=",
        "owner": "PrimaMateria",
        "repo": "dmenu",
        "rev": "a6ebf08b2357a8c5e881f18302cd28341c8e186c",
        "type": "github"
      },
      "original": {
        "owner": "PrimaMateria",
        "repo": "dmenu",
        "type": "github"
      }
    },
    "flake-compat": {
      "flake": false,
      "locked": {
        "lastModified": 1767039857,
        "narHash": "sha256-vNpUSpF5Nuw8xvDLj2KCwwksIbjua2LZCqhV1LNRDns=",
        "owner": "edolstra",
        "repo": "flake-compat",
        "rev": "5edf11c44bc78a0d334f6334cdaf7d60d732daab",
        "type": "github"
      },
      "original": {
        "owner": "edolstra",
        "repo": "flake-compat",
        "type": "github"
      }
    },
    "flake-parts": {
      "inputs": {
        "nixpkgs-lib": [
          "llm-agents",
          "nixpkgs"
        ]
      },
      "locked": {
        "lastModified": 1788450739,
        "narHash": "sha256-glZLQlzIn1fXH6PazR2iUmTo7kzzyYSshrWhLS9TqCU=",
        "owner": "hercules-ci",
        "repo": "flake-parts",
        "rev": "31729ca8cbdb4fa927b34e5f4353e6a83f39e993",
        "type": "github"
      },
      "original": {
        "owner": "hercules-ci",
        "repo": "flake-parts",
        "type": "github"
      }
    },
    "haumea": {
      "inputs": {
        "nixpkgs": [
          "nixpkgs"
        ]
      },
      "locked": {
        "lastModified": 1787503743,
        "narHash": "sha256-+j7OOYezVrLpPQTUoSv6vlz551Zh+GbCg0tkjaJpDg4=",
        "owner": "nix-community",
        "repo": "haumea",
        "rev": "252218e686de786f45311c323e105bd4340c2179",
        "type": "github"
      },
      "original": {
        "owner": "nix-community",
        "repo": "haumea",
        "type": "github"
      }
    },
    "haumea_2": {
      "inputs": {
        "nixpkgs": [
          "zhongwen",
          "devToolkit",
          "nixpkgs"
        ]
      },
      "locked": {
        "lastModified": 1685133229,
        "narHash": "sha256-FePm/Gi9PBSNwiDFq3N+DWdfxFq0UKsVVTJS3cQPn94=",
        "owner": "nix-community",
        "repo": "haumea",
        "rev": "34dd58385092a23018748b50f9b23de6266dffc2",
        "type": "github"
      },
      "original": {
        "owner": "nix-community",
        "ref": "v0.2.2",
        "repo": "haumea",
        "type": "github"
      }
    },
    "home-manager": {
      "inputs": {
        "nixpkgs": [
          "nixpkgs"
        ]
      },
      "locked": {
        "lastModified": 1789099078,
        "narHash": "sha256-zzHj2wl69724lzx7DLAVziWbL75wRIk+xJ3duD0Bgrc=",
        "owner": "nix-community",
        "repo": "home-manager",
        "rev": "f10b3f2ad4aae9259617a1ff518cc921e3394228",
        "type": "github"
      },
      "original": {
        "owner": "nix-community",
        "ref": "master",
        "repo": "home-manager",
        "type": "github"
      }
    },
    "i3blocks-contrib": {
      "flake": false,
      "locked": {
        "lastModified": 1707384458,
        "narHash": "sha256-iY9y3zLw5rUIHZkA9YLmyTDlgzZtIYAwWgHxaCS1+PI=",
        "owner": "vivien",
        "repo": "i3blocks-contrib",
        "rev": "9d66d81da8d521941a349da26457f4965fd6fcbd",
        "type": "github"
      },
      "original": {
        "owner": "vivien",
        "repo": "i3blocks-contrib",
        "type": "github"
      }
    },
    "i3blocks-gcalcli": {
      "inputs": {
        "nixpkgs": [
          "nixpkgs"
        ]
      },
      "locked": {
        "lastModified": 1644784160,
        "narHash": "sha256-KXJH2Xxd8DmeY0mTvq9r/lTTlfLrBTtIeZhxAEFcD00=",
        "owner": "PrimaMateria",
        "repo": "i3blocks-gcalcli",
        "rev": "04069724084b23397161c0706eae254ade080f54",
        "type": "github"
      },
      "original": {
        "owner": "PrimaMateria",
        "repo": "i3blocks-gcalcli",
        "type": "github"
      }
    },
    "kpop-game": {
      "flake": false,
      "locked": {
        "lastModified": 1786887220,
        "narHash": "sha256-Wq+I927AwEj4JOSpHHFldwPgpbKv/+dPk2xULAcrjBc=",
        "owner": "PrimaMateria",
        "repo": "kpop-game",
        "rev": "3579ffe84df5cc1dfbc384aa203f5c9c26a3739c",
        "type": "github"
      },
      "original": {
        "owner": "PrimaMateria",
        "repo": "kpop-game",
        "type": "github"
      }
    },
    "llm-agents": {
      "inputs": {
        "bun2nix": "bun2nix",
        "flake-parts": "flake-parts",
        "nixpkgs": [
          "nixpkgs"
        ],
        "systems": "systems",
        "treefmt-nix": "treefmt-nix"
      },
      "locked": {
        "lastModified": 1789117782,
        "narHash": "sha256-R6DjdXEg4gWt/INX5oRYkh17p66nuYr8qiAuBkZ4oqU=",
        "owner": "numtide",
        "repo": "llm-agents.nix",
        "rev": "d706bc302d3a7854659e3b5b5ad35270f7dcf8da",
        "type": "github"
      },
      "original": {
        "owner": "numtide",
        "repo": "llm-agents.nix",
        "type": "github"
      }
    },
    "nixpkgs-stable": {
      "locked": {
        "lastModified": 1685566663,
        "narHash": "sha256-btHN1czJ6rzteeCuE/PNrdssqYD2nIA4w48miQAFloM=",
        "owner": "nixos",
        "repo": "nixpkgs",
        "rev": "4ecab3273592f27479a583fb6d975d4aba3486fe",
        "type": "github"
      },
      "original": {
        "owner": "nixos",
        "ref": "23.05",
        "repo": "nixpkgs",
        "type": "github"
      }
    },
    "nixpkgs-unstable": {
      "locked": {
        "lastModified": 1789128117,
        "narHash": "sha256-mP5ASbgJkKJEBWQMbJCItZupt+C24exP7U6sHCasQqs=",
        "owner": "nixos",
        "repo": "nixpkgs",
        "rev": "38b366e606ce12739af28426c42b0733b46239eb",
        "type": "github"
      },
      "original": {
        "owner": "nixos",
        "ref": "master",
        "repo": "nixpkgs",
        "type": "github"
      }
    },
    "root": {
      "inputs": {
        "dmenu-primamateria": "dmenu-primamateria",
        "haumea": "haumea",
        "home-manager": "home-manager",
        "i3blocks-contrib": "i3blocks-contrib",
        "i3blocks-gcalcli": "i3blocks-gcalcli",
        "kpop-game": "kpop-game",
        "llm-agents": "llm-agents",
        "nixpkgs": [
          "nixpkgs-unstable"
        ],
        "nixpkgs-stable": "nixpkgs-stable",
        "nixpkgs-unstable": "nixpkgs-unstable",
        "wsl": "wsl",
        "zhongwen": "zhongwen"
      }
    },
    "systems": {
      "locked": {
        "lastModified": 1681028828,
        "narHash": "sha256-Vy1rq5AaRuLzOxct8nz4T6wlgyUR7zLU309k9mBC768=",
        "owner": "nix-systems",
        "repo": "default",
        "rev": "da67096a3b9bf56a91d16901293e51ba5b49a27e",
        "type": "github"
      },
      "original": {
        "owner": "nix-systems",
        "repo": "default",
        "type": "github"
      }
    },
    "systems_2": {
      "locked": {
        "lastModified": 1681028828,
        "narHash": "sha256-Vy1rq5AaRuLzOxct8nz4T6wlgyUR7zLU309k9mBC768=",
        "owner": "nix-systems",
        "repo": "default",
        "rev": "da67096a3b9bf56a91d16901293e51ba5b49a27e",
        "type": "github"
      },
      "original": {
        "owner": "nix-systems",
        "repo": "default",
        "type": "github"
      }
    },
    "systems_3": {
      "locked": {
        "lastModified": 1681028828,
        "narHash": "sha256-Vy1rq5AaRuLzOxct8nz4T6wlgyUR7zLU309k9mBC768=",
        "owner": "nix-systems",
        "repo": "default",
        "rev": "da67096a3b9bf56a91d16901293e51ba5b49a27e",
        "type": "github"
      },
      "original": {
        "owner": "nix-systems",
        "repo": "default",
        "type": "github"
      }
    },
    "treefmt-nix": {
      "inputs": {
        "nixpkgs": [
          "llm-agents",
          "nixpkgs"
        ]
      },
      "locked": {
        "lastModified": 1786901030,
        "narHash": "sha256-WSFCsDSE5ffgD2MqzkM2CYjeFiKhRF/dJUN8uedb6YE=",
        "owner": "numtide",
        "repo": "treefmt-nix",
        "rev": "27b3b12a8e6375f28ebe122f07d230ca5459bbfa",
        "type": "github"
      },
      "original": {
        "owner": "numtide",
        "repo": "treefmt-nix",
        "type": "github"
      }
    },
    "utils": {
      "inputs": {
        "systems": "systems_2"
      },
      "locked": {
        "lastModified": 1710146030,
        "narHash": "sha256-SZ5L6eA7HJ/nmkzGG7/ISclqe6oZdOZTNoesiInkXPQ=",
        "owner": "numtide",
        "repo": "flake-utils",
        "rev": "b1d9ab70662946ef0850d488da1c9019f3a9752a",
        "type": "github"
      },
      "original": {
        "owner": "numtide",
        "repo": "flake-utils",
        "type": "github"
      }
    },
    "utils_2": {
      "inputs": {
        "systems": "systems_3"
      },
      "locked": {
        "lastModified": 1726560853,
        "narHash": "sha256-X6rJYSESBVr3hBoH0WbKE5KvhPU5bloyZ2L4K60/fPQ=",
        "owner": "numtide",
        "repo": "flake-utils",
        "rev": "c1dfcf08411b08f6b8615f7d8971a2bfa81d5e8a",
        "type": "github"
      },
      "original": {
        "owner": "numtide",
        "repo": "flake-utils",
        "type": "github"
      }
    },
    "wsl": {
      "inputs": {
        "flake-compat": "flake-compat",
        "nixpkgs": [
          "nixpkgs"
        ]
      },
      "locked": {
        "lastModified": 1789039320,
        "narHash": "sha256-SBHeKJ6fyQIb8PaUc0iarznGhaGdnc+SXdDb5Z96Qn0=",
        "owner": "nix-community",
        "repo": "NixOS-WSL",
        "rev": "8c333e5b3abb693139e4df80988810ce44788b4e",
        "type": "github"
      },
      "original": {
        "owner": "nix-community",
        "repo": "NixOS-WSL",
        "type": "github"
      }
    },
    "zhongwen": {
      "inputs": {
        "devToolkit": "devToolkit",
        "nixpkgs": [
          "nixpkgs"
        ],
        "utils": "utils_2"
      },
      "locked": {
        "lastModified": 1786890403,
        "narHash": "sha256-EwwrE5nmHd271TvDTjPyxr+A0LhQJrpNPYm38G9b6Dc=",
        "owner": "PrimaMateria",
        "repo": "zhongwen",
        "rev": "ba810ae48e1818f27cce6100dfc7da1b91712864",
        "type": "github"
      },
      "original": {
        "owner": "PrimaMateria",
        "repo": "zhongwen",
        "type": "github"
      }
    }
  },
  "root": "root",
  "version": 7
}
