{
  "nodes": {
    "bitbucket-cli": {
      "inputs": {
        "flake-utils": "flake-utils",
        "nixpkgs": "nixpkgs"
      },
      "locked": {
        "lastModified": 1783286118,
        "narHash": "sha256-0utvaPFTz0ORXFv0zHRSZNLzlVNbzrO/3nzOZlGecsA=",
        "owner": "avivsinai",
        "repo": "bitbucket-cli",
        "rev": "119705db3bcedeeee10d8d2bfb3e572ce1ae8b32",
        "type": "github"
      },
      "original": {
        "owner": "avivsinai",
        "repo": "bitbucket-cli",
        "type": "github"
      }
    },
    "blueprint": {
      "inputs": {
        "nixpkgs": [
          "llm-agents",
          "nixpkgs"
        ],
        "systems": [
          "llm-agents",
          "systems"
        ]
      },
      "locked": {
        "lastModified": 1776249299,
        "narHash": "sha256-Dt9t1TGRmJFc0xVYhttNBD6QsAgHOHCArqGa0AyjrJY=",
        "owner": "numtide",
        "repo": "blueprint",
        "rev": "56131e8628f173d24a27f6d27c0215eff57e40dd",
        "type": "github"
      },
      "original": {
        "owner": "numtide",
        "repo": "blueprint",
        "type": "github"
      }
    },
    "bun2nix": {
      "inputs": {
        "flake-parts": [
          "llm-agents",
          "flake-parts"
        ],
        "nixpkgs": [
          "llm-agents",
          "nixpkgs"
        ],
        "systems": [
          "llm-agents",
          "systems"
        ],
        "treefmt-nix": [
          "llm-agents",
          "treefmt-nix"
        ]
      },
      "locked": {
        "lastModified": 1782772816,
        "narHash": "sha256-s9BuFv0mRuZx9C1MF8qPHRdcAK14ONi0A5m6E2wqOoM=",
        "owner": "nix-community",
        "repo": "bun2nix",
        "rev": "5a39d717029e94163ac223aee8d5c9946cafed1c",
        "type": "github"
      },
      "original": {
        "owner": "nix-community",
        "repo": "bun2nix",
        "type": "github"
      }
    },
    "dmenu-primamateria": {
      "inputs": {
        "nixpkgs": [
          "nixpkgs"
        ]
      },
      "locked": {
        "lastModified": 1643238321,
        "narHash": "sha256-MMRn23SrkEXUmgNXSMIloSfvx5EOZUUyRdN4b0PvoQs=",
        "owner": "PrimaMateria",
        "repo": "dmenu",
        "rev": "a6ebf08b2357a8c5e881f18302cd28341c8e186c",
        "type": "github"
      },
      "original": {
        "owner": "PrimaMateria",
        "repo": "dmenu",
        "type": "github"
      }
    },
    "flake-compat": {
      "flake": false,
      "locked": {
        "lastModified": 1767039857,
        "narHash": "sha256-vNpUSpF5Nuw8xvDLj2KCwwksIbjua2LZCqhV1LNRDns=",
        "owner": "edolstra",
        "repo": "flake-compat",
        "rev": "5edf11c44bc78a0d334f6334cdaf7d60d732daab",
        "type": "github"
      },
      "original": {
        "owner": "edolstra",
        "repo": "flake-compat",
        "type": "github"
      }
    },
    "flake-parts": {
      "inputs": {
        "nixpkgs-lib": [
          "llm-agents",
          "nixpkgs"
        ]
      },
      "locked": {
        "lastModified": 1782949081,
        "narHash": "sha256-vp6Y/Grm98ESt6ceOkWiHWyZRDV3J1RID4w+6NWK9yA=",
        "owner": "hercules-ci",
        "repo": "flake-parts",
        "rev": "17c9d6cdfc60c64f4ee8d306f9bc0b4ccb51481e",
        "type": "github"
      },
      "original": {
        "owner": "hercules-ci",
        "repo": "flake-parts",
        "type": "github"
      }
    },
    "flake-utils": {
      "inputs": {
        "systems": "systems"
      },
      "locked": {
        "lastModified": 1731533236,
        "narHash": "sha256-l0KFg5HjrsfsO/JpG+r7fRrqm12kzFHyUHqHCVpMMbI=",
        "owner": "numtide",
        "repo": "flake-utils",
        "rev": "11707dc2f618dd54ca8739b309ec4fc024de578b",
        "type": "github"
      },
      "original": {
        "owner": "numtide",
        "repo": "flake-utils",
        "type": "github"
      }
    },
    "haumea": {
      "inputs": {
        "nixpkgs": [
          "nixpkgs"
        ]
      },
      "locked": {
        "lastModified": 1783288480,
        "narHash": "sha256-H/blql4kDC0HY3ephQO86deTaLt2UfFvhYzZsHTz6pk=",
        "owner": "nix-community",
        "repo": "haumea",
        "rev": "3bc16acb4e17a32fcc04045ff2a4ac56a8cefcf6",
        "type": "github"
      },
      "original": {
        "owner": "nix-community",
        "repo": "haumea",
        "type": "github"
      }
    },
    "home-manager": {
      "inputs": {
        "nixpkgs": [
          "nixpkgs"
        ]
      },
      "locked": {
        "lastModified": 1783222121,
        "narHash": "sha256-E/ElL373TO8lQ2aMvYyzN+k4xkVaUGoRqoa8AtM71tI=",
        "owner": "nix-community",
        "repo": "home-manager",
        "rev": "a1645f40777620c4bd2b6d854b290c2fc354a266",
        "type": "github"
      },
      "original": {
        "owner": "nix-community",
        "ref": "master",
        "repo": "home-manager",
        "type": "github"
      }
    },
    "i3blocks-contrib": {
      "flake": false,
      "locked": {
        "lastModified": 1707384458,
        "narHash": "sha256-iY9y3zLw5rUIHZkA9YLmyTDlgzZtIYAwWgHxaCS1+PI=",
        "owner": "vivien",
        "repo": "i3blocks-contrib",
        "rev": "9d66d81da8d521941a349da26457f4965fd6fcbd",
        "type": "github"
      },
      "original": {
        "owner": "vivien",
        "repo": "i3blocks-contrib",
        "type": "github"
      }
    },
    "i3blocks-gcalcli": {
      "inputs": {
        "nixpkgs": [
          "nixpkgs"
        ]
      },
      "locked": {
        "lastModified": 1644784160,
        "narHash": "sha256-KXJH2Xxd8DmeY0mTvq9r/lTTlfLrBTtIeZhxAEFcD00=",
        "owner": "PrimaMateria",
        "repo": "i3blocks-gcalcli",
        "rev": "04069724084b23397161c0706eae254ade080f54",
        "type": "github"
      },
      "original": {
        "owner": "PrimaMateria",
        "repo": "i3blocks-gcalcli",
        "type": "github"
      }
    },
    "llm-agents": {
      "inputs": {
        "blueprint": "blueprint",
        "bun2nix": "bun2nix",
        "flake-parts": "flake-parts",
        "nixpkgs": "nixpkgs_2",
        "systems": "systems_2",
        "treefmt-nix": "treefmt-nix"
      },
      "locked": {
        "lastModified": 1783335367,
        "narHash": "sha256-TJ4+wYOJYYX+z//9C4psF0e1K8TgXrWRITnERhL/oP8=",
        "owner": "numtide",
        "repo": "llm-agents.nix",
        "rev": "5dd40d7cef40fce5ac4f922b92d92373ef71daf2",
        "type": "github"
      },
      "original": {
        "owner": "numtide",
        "repo": "llm-agents.nix",
        "type": "github"
      }
    },
    "nixpkgs": {
      "locked": {
        "lastModified": 1775888245,
        "narHash": "sha256-nwASzrRDD1JBEu/o8ekKYEXm/oJW6EMCzCRdrwcLe90=",
        "owner": "NixOS",
        "repo": "nixpkgs",
        "rev": "13043924aaa7375ce482ebe2494338e058282925",
        "type": "github"
      },
      "original": {
        "owner": "NixOS",
        "ref": "nixpkgs-unstable",
        "repo": "nixpkgs",
        "type": "github"
      }
    },
    "nixpkgs-stable": {
      "locked": {
        "lastModified": 1685566663,
        "narHash": "sha256-btHN1czJ6rzteeCuE/PNrdssqYD2nIA4w48miQAFloM=",
        "owner": "nixos",
        "repo": "nixpkgs",
        "rev": "4ecab3273592f27479a583fb6d975d4aba3486fe",
        "type": "github"
      },
      "original": {
        "owner": "nixos",
        "ref": "23.05",
        "repo": "nixpkgs",
        "type": "github"
      }
    },
    "nixpkgs-unstable": {
      "locked": {
        "lastModified": 1783342893,
        "narHash": "sha256-ts8DP08N6zy3RZcnwu0vEFWgfBiB9ljXScz9IWbNlF4=",
        "owner": "nixos",
        "repo": "nixpkgs",
        "rev": "36c0ecd764bb4081fd94ae132849f04991f34381",
        "type": "github"
      },
      "original": {
        "owner": "nixos",
        "ref": "master",
        "repo": "nixpkgs",
        "type": "github"
      }
    },
    "nixpkgs_2": {
      "locked": {
        "lastModified": 1783187857,
        "narHash": "sha256-CoKGv2FwkvFwzsVLB/N89eFjr40puk/p51IMvIp+ddo=",
        "owner": "NixOS",
        "repo": "nixpkgs",
        "rev": "19a8a1e6d8b7315b6fd84e5a51977ce6f69d5a5b",
        "type": "github"
      },
      "original": {
        "owner": "NixOS",
        "ref": "nixpkgs-unstable",
        "repo": "nixpkgs",
        "type": "github"
      }
    },
    "root": {
      "inputs": {
        "bitbucket-cli": "bitbucket-cli",
        "dmenu-primamateria": "dmenu-primamateria",
        "haumea": "haumea",
        "home-manager": "home-manager",
        "i3blocks-contrib": "i3blocks-contrib",
        "i3blocks-gcalcli": "i3blocks-gcalcli",
        "llm-agents": "llm-agents",
        "nixpkgs": [
          "nixpkgs-unstable"
        ],
        "nixpkgs-stable": "nixpkgs-stable",
        "nixpkgs-unstable": "nixpkgs-unstable",
        "wsl": "wsl"
      }
    },
    "systems": {
      "locked": {
        "lastModified": 1681028828,
        "narHash": "sha256-Vy1rq5AaRuLzOxct8nz4T6wlgyUR7zLU309k9mBC768=",
        "owner": "nix-systems",
        "repo": "default",
        "rev": "da67096a3b9bf56a91d16901293e51ba5b49a27e",
        "type": "github"
      },
      "original": {
        "owner": "nix-systems",
        "repo": "default",
        "type": "github"
      }
    },
    "systems_2": {
      "locked": {
        "lastModified": 1681028828,
        "narHash": "sha256-Vy1rq5AaRuLzOxct8nz4T6wlgyUR7zLU309k9mBC768=",
        "owner": "nix-systems",
        "repo": "default",
        "rev": "da67096a3b9bf56a91d16901293e51ba5b49a27e",
        "type": "github"
      },
      "original": {
        "owner": "nix-systems",
        "repo": "default",
        "type": "github"
      }
    },
    "treefmt-nix": {
      "inputs": {
        "nixpkgs": [
          "llm-agents",
          "nixpkgs"
        ]
      },
      "locked": {
        "lastModified": 1780220602,
        "narHash": "sha256-eynAfOmbmxJnkp7YewvCEbShNnnYJ9gLLqkzsYtBPeM=",
        "owner": "numtide",
        "repo": "treefmt-nix",
        "rev": "db947814a175b7ca6ded66e21383d938df01c227",
        "type": "github"
      },
      "original": {
        "owner": "numtide",
        "repo": "treefmt-nix",
        "type": "github"
      }
    },
    "wsl": {
      "inputs": {
        "flake-compat": "flake-compat",
        "nixpkgs": [
          "nixpkgs"
        ]
      },
      "locked": {
        "lastModified": 1783336371,
        "narHash": "sha256-ZisTtweyb7JUwPP54HAXE9TypT8m89dIxDI36Ak0hAs=",
        "owner": "nix-community",
        "repo": "NixOS-WSL",
        "rev": "a9620cfa43f0c1c30a46c31ae3c6e58cdb124a14",
        "type": "github"
      },
      "original": {
        "owner": "nix-community",
        "repo": "NixOS-WSL",
        "type": "github"
      }
    }
  },
  "root": "root",
  "version": 7
}
